
Microsoft Visual Studio Solution File, Format Version 12.00
Project("{2150E333-8FDC-42A3-9474-1A3956D46DE8}") = "Services", "Services", "{2746B128-9DC2-4105-B71C-1D246A5C3AC3}"
EndProject
Project("{2150E333-8FDC-42A3-9474-1A3956D46DE8}") = "Src", "Src", "{D1AC5915-7AFE-4923-AAB5-5C9461ADDC60}"
EndProject
Project("{2150E333-8FDC-42A3-9474-1A3956D46DE8}") = "Tests", "Tests", "{1BC108BE-E81E-4B2C-A9A3-51C52A11CA89}"
EndProject
Project("{2150E333-8FDC-42A3-9474-1A3956D46DE8}") = "Aggregates", "Aggregates", "{50965AA7-B9AE-422C-88B9-9C3AD198B42A}"
EndProject
Project("{FAE04EC0-301F-11D3-BF4B-00C04F79EFBC}") = "Customers.Api", "Src\Services\Customers.Api\Customers.Api.csproj", "{AD10924A-056C-43D6-8650-361FE86D84EC}"
EndProject
Project("{FAE04EC0-301F-11D3-BF4B-00C04F79EFBC}") = "Transactions.Api", "Src\Services\Transactions.Api\Transactions.Api.csproj", "{C43A33EF-ADC9-48EC-94B5-B07C22B71C9B}"
EndProject
Project("{FAE04EC0-301F-11D3-BF4B-00C04F79EFBC}") = "Accounts.Api", "Src\Services\Accounts.Api\Accounts.Api.csproj", "{7E1E21A9-C942-475B-BDEA-6CCA07D25A12}"
EndProject
Project("{FAE04EC0-301F-11D3-BF4B-00C04F79EFBC}") = "AggregateSpa", "Src\Aggregates\AggregateSpa\AggregateSpa.csproj", "{67989918-C1EE-4C1E-A26C-D2CCC1203F63}"
EndProject
Project("{FAE04EC0-301F-11D3-BF4B-00C04F79EFBC}") = "TransactionalSystem.Messaging", "Src\Services\TransactionalSystem.Messaging\TransactionalSystem.Messaging.csproj", "{1473E2A4-6C34-4E6C-A1A4-15A7CC45D68D}"
EndProject
Project("{2150E333-8FDC-42A3-9474-1A3956D46DE8}") = "Libraries", "Libraries", "{C364813D-6FDF-48F9-8963-394EE1B9B270}"
EndProject
Project("{FAE04EC0-301F-11D3-BF4B-00C04F79EFBC}") = "Customers.Contracts", "Src\Services\Customers.Contracts\Customers.Contracts.csproj", "{3966674F-43BA-4151-ABF5-AFE22CA899DF}"
EndProject
Global
	GlobalSection(SolutionConfigurationPlatforms) = preSolution
		Debug|Any CPU = Debug|Any CPU
		Release|Any CPU = Release|Any CPU
	EndGlobalSection
	GlobalSection(ProjectConfigurationPlatforms) = postSolution
		{AD10924A-056C-43D6-8650-361FE86D84EC}.Debug|Any CPU.ActiveCfg = Debug|Any CPU
		{AD10924A-056C-43D6-8650-361FE86D84EC}.Debug|Any CPU.Build.0 = Debug|Any CPU
		{AD10924A-056C-43D6-8650-361FE86D84EC}.Release|Any CPU.ActiveCfg = Release|Any CPU
		{AD10924A-056C-43D6-8650-361FE86D84EC}.Release|Any CPU.Build.0 = Release|Any CPU
		{C43A33EF-ADC9-48EC-94B5-B07C22B71C9B}.Debug|Any CPU.ActiveCfg = Debug|Any CPU
		{C43A33EF-ADC9-48EC-94B5-B07C22B71C9B}.Debug|Any CPU.Build.0 = Debug|Any CPU
		{C43A33EF-ADC9-48EC-94B5-B07C22B71C9B}.Release|Any CPU.ActiveCfg = Release|Any CPU
		{C43A33EF-ADC9-48EC-94B5-B07C22B71C9B}.Release|Any CPU.Build.0 = Release|Any CPU
		{7E1E21A9-C942-475B-BDEA-6CCA07D25A12}.Debug|Any CPU.ActiveCfg = Debug|Any CPU
		{7E1E21A9-C942-475B-BDEA-6CCA07D25A12}.Debug|Any CPU.Build.0 = Debug|Any CPU
		{7E1E21A9-C942-475B-BDEA-6CCA07D25A12}.Release|Any CPU.ActiveCfg = Release|Any CPU
		{7E1E21A9-C942-475B-BDEA-6CCA07D25A12}.Release|Any CPU.Build.0 = Release|Any CPU
		{67989918-C1EE-4C1E-A26C-D2CCC1203F63}.Debug|Any CPU.ActiveCfg = Debug|Any CPU
		{67989918-C1EE-4C1E-A26C-D2CCC1203F63}.Debug|Any CPU.Build.0 = Debug|Any CPU
		{67989918-C1EE-4C1E-A26C-D2CCC1203F63}.Release|Any CPU.ActiveCfg = Release|Any CPU
		{67989918-C1EE-4C1E-A26C-D2CCC1203F63}.Release|Any CPU.Build.0 = Release|Any CPU
		{1473E2A4-6C34-4E6C-A1A4-15A7CC45D68D}.Debug|Any CPU.ActiveCfg = Debug|Any CPU
		{1473E2A4-6C34-4E6C-A1A4-15A7CC45D68D}.Debug|Any CPU.Build.0 = Debug|Any CPU
		{1473E2A4-6C34-4E6C-A1A4-15A7CC45D68D}.Release|Any CPU.ActiveCfg = Release|Any CPU
		{1473E2A4-6C34-4E6C-A1A4-15A7CC45D68D}.Release|Any CPU.Build.0 = Release|Any CPU
		{3966674F-43BA-4151-ABF5-AFE22CA899DF}.Debug|Any CPU.ActiveCfg = Debug|Any CPU
		{3966674F-43BA-4151-ABF5-AFE22CA899DF}.Debug|Any CPU.Build.0 = Debug|Any CPU
		{3966674F-43BA-4151-ABF5-AFE22CA899DF}.Release|Any CPU.ActiveCfg = Release|Any CPU
		{3966674F-43BA-4151-ABF5-AFE22CA899DF}.Release|Any CPU.Build.0 = Release|Any CPU
	EndGlobalSection
	GlobalSection(NestedProjects) = preSolution
		{2746B128-9DC2-4105-B71C-1D246A5C3AC3} = {D1AC5915-7AFE-4923-AAB5-5C9461ADDC60}
		{50965AA7-B9AE-422C-88B9-9C3AD198B42A} = {D1AC5915-7AFE-4923-AAB5-5C9461ADDC60}
		{AD10924A-056C-43D6-8650-361FE86D84EC} = {2746B128-9DC2-4105-B71C-1D246A5C3AC3}
		{C43A33EF-ADC9-48EC-94B5-B07C22B71C9B} = {2746B128-9DC2-4105-B71C-1D246A5C3AC3}
		{7E1E21A9-C942-475B-BDEA-6CCA07D25A12} = {2746B128-9DC2-4105-B71C-1D246A5C3AC3}
		{67989918-C1EE-4C1E-A26C-D2CCC1203F63} = {50965AA7-B9AE-422C-88B9-9C3AD198B42A}
		{C364813D-6FDF-48F9-8963-394EE1B9B270} = {2746B128-9DC2-4105-B71C-1D246A5C3AC3}
		{1473E2A4-6C34-4E6C-A1A4-15A7CC45D68D} = {C364813D-6FDF-48F9-8963-394EE1B9B270}
		{3966674F-43BA-4151-ABF5-AFE22CA899DF} = {2746B128-9DC2-4105-B71C-1D246A5C3AC3}
	EndGlobalSection
EndGlobal
